/uufs/chpc.utah.edu/common/HIPAA/u1264408/u1264408/Git/SEMIColon/data/output/LeeSixdata/bam/HLS_1C_30_B5-sortednoRG.bam
/uufs/chpc.utah.edu/common/HIPAA/u1264408/u1264408/Git/SEMIColon/data/output/LeeSixdata/bam/HLS_1C_30_D5-sortednoRG.bam
/uufs/chpc.utah.edu/common/HIPAA/u1264408/u1264408/Git/SEMIColon/data/output/LeeSixdata/bam/HLS_1C_30_G5-sortednoRG.bam
/uufs/chpc.utah.edu/common/HIPAA/u1264408/u1264408/Git/SEMIColon/data/output/LeeSixdata/bam/HLS_1C_30_H5-sortednoRG.bam
/uufs/chpc.utah.edu/common/HIPAA/u1264408/u1264408/Git/SEMIColon/data/output/LeeSixdata/bam/HLS_2C_30_D6-sortednoRG.bam
/uufs/chpc.utah.edu/common/HIPAA/u1264408/u1264408/Git/SEMIColon/data/output/LeeSixdata/bam/HLS_2C_30_E6-sortednoRG.bam
/uufs/chpc.utah.edu/common/HIPAA/u1264408/u1264408/Git/SEMIColon/data/output/LeeSixdata/bam/PD28690bx_2_a5-sortednoRG.bam
/uufs/chpc.utah.edu/common/HIPAA/u1264408/u1264408/Git/SEMIColon/data/output/LeeSixdata/bam/PD28690bx_2_d5-sortednoRG.bam
/uufs/chpc.utah.edu/common/HIPAA/u1264408/u1264408/Git/SEMIColon/data/output/LeeSixdata/bam/PD28690cb_2_g3-sortednoRG.bam
/uufs/chpc.utah.edu/common/HIPAA/u1264408/u1264408/Git/SEMIColon/data/output/LeeSixdata/bam/PD28690cb_2_h3-sortednoRG.bam
/uufs/chpc.utah.edu/common/HIPAA/u1264408/u1264408/Git/SEMIColon/data/output/LeeSixdata/bam/PD34199a_c17-sortednoRG.bam
/uufs/chpc.utah.edu/common/HIPAA/u1264408/u1264408/Git/SEMIColon/data/output/LeeSixdata/bam/PD34199a_c22-sortednoRG.bam
/uufs/chpc.utah.edu/common/HIPAA/u1264408/u1264408/Git/SEMIColon/data/output/LeeSixdata/bam/PD34199a_c27-sortednoRG.bam
/uufs/chpc.utah.edu/common/HIPAA/u1264408/u1264408/Git/SEMIColon/data/output/LeeSixdata/bam/PD34199a_c28-sortednoRG.bam
/uufs/chpc.utah.edu/common/HIPAA/u1264408/u1264408/Git/SEMIColon/data/output/LeeSixdata/bam/PD34199a_c31-sortednoRG.bam
/uufs/chpc.utah.edu/common/HIPAA/u1264408/u1264408/Git/SEMIColon/data/output/LeeSixdata/bam/PD34199a_c3-sortednoRG.bam
/uufs/chpc.utah.edu/common/HIPAA/u1264408/u1264408/Git/SEMIColon/data/output/LeeSixdata/bam/PD34199a_c5-sortednoRG.bam
/uufs/chpc.utah.edu/common/HIPAA/u1264408/u1264408/Git/SEMIColon/data/output/LeeSixdata/bam/PD34199a_c7-sortednoRG.bam
/uufs/chpc.utah.edu/common/HIPAA/u1264408/u1264408/Git/SEMIColon/data/output/LeeSixdata/bam/PD34202a_s9-sortednoRG.bam
/uufs/chpc.utah.edu/common/HIPAA/u1264408/u1264408/Git/SEMIColon/data/output/LeeSixdata/bam/PD34199a_t31-sortednoRG.bam
/uufs/chpc.utah.edu/common/HIPAA/u1264408/u1264408/Git/SEMIColon/data/output/LeeSixdata/bam/PD34199a_t28-sortednoRG.bam
/uufs/chpc.utah.edu/common/HIPAA/u1264408/u1264408/Git/SEMIColon/data/output/LeeSixdata/bam/HLS_1C_30_B5-sorted.bai
/uufs/chpc.utah.edu/common/HIPAA/u1264408/u1264408/Git/SEMIColon/data/output/LeeSixdata/bam/HLS_1C_30_D5-sorted.bai
/uufs/chpc.utah.edu/common/HIPAA/u1264408/u1264408/Git/SEMIColon/data/output/LeeSixdata/bam/HLS_1C_30_G5-sorted.bai
/uufs/chpc.utah.edu/common/HIPAA/u1264408/u1264408/Git/SEMIColon/data/output/LeeSixdata/bam/HLS_1C_30_H5-sorted.bai
/uufs/chpc.utah.edu/common/HIPAA/u1264408/u1264408/Git/SEMIColon/data/output/LeeSixdata/bam/HLS_2C_30_D6-sorted.bai
/uufs/chpc.utah.edu/common/HIPAA/u1264408/u1264408/Git/SEMIColon/data/output/LeeSixdata/bam/HLS_2C_30_E6-sorted.bai
/uufs/chpc.utah.edu/common/HIPAA/u1264408/u1264408/Git/SEMIColon/data/output/LeeSixdata/bam/PD28690bx_2_a5-sorted.bai
/uufs/chpc.utah.edu/common/HIPAA/u1264408/u1264408/Git/SEMIColon/data/output/LeeSixdata/bam/PD28690bx_2_d5-sorted.bai
/uufs/chpc.utah.edu/common/HIPAA/u1264408/u1264408/Git/SEMIColon/data/output/LeeSixdata/bam/PD28690cb_2_g3-sorted.bai
/uufs/chpc.utah.edu/common/HIPAA/u1264408/u1264408/Git/SEMIColon/data/output/LeeSixdata/bam/PD28690cb_2_h3-sorted.bai
/uufs/chpc.utah.edu/common/HIPAA/u1264408/u1264408/Git/SEMIColon/data/output/LeeSixdata/bam/PD34199a_c17-sorted.bai
/uufs/chpc.utah.edu/common/HIPAA/u1264408/u1264408/Git/SEMIColon/data/output/LeeSixdata/bam/PD34199a_c22-sorted.bai
/uufs/chpc.utah.edu/common/HIPAA/u1264408/u1264408/Git/SEMIColon/data/output/LeeSixdata/bam/PD34199a_c27-sorted.bai
/uufs/chpc.utah.edu/common/HIPAA/u1264408/u1264408/Git/SEMIColon/data/output/LeeSixdata/bam/PD34199a_c28-sorted.bai
/uufs/chpc.utah.edu/common/HIPAA/u1264408/u1264408/Git/SEMIColon/data/output/LeeSixdata/bam/PD34199a_c31-sorted.bai
/uufs/chpc.utah.edu/common/HIPAA/u1264408/u1264408/Git/SEMIColon/data/output/LeeSixdata/bam/PD34199a_c3-sorted.bai
/uufs/chpc.utah.edu/common/HIPAA/u1264408/u1264408/Git/SEMIColon/data/output/LeeSixdata/bam/PD34199a_c5-sorted.bai
/uufs/chpc.utah.edu/common/HIPAA/u1264408/u1264408/Git/SEMIColon/data/output/LeeSixdata/bam/PD34199a_c7-sorted.bai
/uufs/chpc.utah.edu/common/HIPAA/u1264408/u1264408/Git/SEMIColon/data/output/LeeSixdata/bam/PD34202a_s9-sorted.bai
/uufs/chpc.utah.edu/common/HIPAA/u1264408/u1264408/Git/SEMIColon/data/output/LeeSixdata/bam/PD34199a_t31-sorted.bai
/uufs/chpc.utah.edu/common/HIPAA/u1264408/u1264408/Git/SEMIColon/data/output/LeeSixdata/bam/PD34199a_t28-sorted.bai
/uufs/chpc.utah.edu/common/HIPAA/u1264408/u1264408/Git/SEMIColon/data/output/LeeSixdata/bam/HLS_1C_30_B5-sorted.stats
/uufs/chpc.utah.edu/common/HIPAA/u1264408/u1264408/Git/SEMIColon/data/output/LeeSixdata/bam/HLS_1C_30_D5-sorted.stats
/uufs/chpc.utah.edu/common/HIPAA/u1264408/u1264408/Git/SEMIColon/data/output/LeeSixdata/bam/HLS_1C_30_G5-sorted.stats
/uufs/chpc.utah.edu/common/HIPAA/u1264408/u1264408/Git/SEMIColon/data/output/LeeSixdata/bam/HLS_1C_30_H5-sorted.stats
/uufs/chpc.utah.edu/common/HIPAA/u1264408/u1264408/Git/SEMIColon/data/output/LeeSixdata/bam/HLS_2C_30_D6-sorted.stats
/uufs/chpc.utah.edu/common/HIPAA/u1264408/u1264408/Git/SEMIColon/data/output/LeeSixdata/bam/HLS_2C_30_E6-sorted.stats
/uufs/chpc.utah.edu/common/HIPAA/u1264408/u1264408/Git/SEMIColon/data/output/LeeSixdata/bam/PD28690bx_2_a5-sorted.stats
/uufs/chpc.utah.edu/common/HIPAA/u1264408/u1264408/Git/SEMIColon/data/output/LeeSixdata/bam/PD28690bx_2_d5-sorted.stats
/uufs/chpc.utah.edu/common/HIPAA/u1264408/u1264408/Git/SEMIColon/data/output/LeeSixdata/bam/PD28690cb_2_g3-sorted.stats
/uufs/chpc.utah.edu/common/HIPAA/u1264408/u1264408/Git/SEMIColon/data/output/LeeSixdata/bam/PD28690cb_2_h3-sorted.stats
/uufs/chpc.utah.edu/common/HIPAA/u1264408/u1264408/Git/SEMIColon/data/output/LeeSixdata/bam/PD34199a_c17-sorted.stats
/uufs/chpc.utah.edu/common/HIPAA/u1264408/u1264408/Git/SEMIColon/data/output/LeeSixdata/bam/PD34199a_c22-sorted.stats
/uufs/chpc.utah.edu/common/HIPAA/u1264408/u1264408/Git/SEMIColon/data/output/LeeSixdata/bam/PD34199a_c27-sorted.stats
/uufs/chpc.utah.edu/common/HIPAA/u1264408/u1264408/Git/SEMIColon/data/output/LeeSixdata/bam/PD34199a_c28-sorted.stats
/uufs/chpc.utah.edu/common/HIPAA/u1264408/u1264408/Git/SEMIColon/data/output/LeeSixdata/bam/PD34199a_c31-sorted.stats
/uufs/chpc.utah.edu/common/HIPAA/u1264408/u1264408/Git/SEMIColon/data/output/LeeSixdata/bam/PD34199a_c3-sorted.stats
/uufs/chpc.utah.edu/common/HIPAA/u1264408/u1264408/Git/SEMIColon/data/output/LeeSixdata/bam/PD34199a_c5-sorted.stats
/uufs/chpc.utah.edu/common/HIPAA/u1264408/u1264408/Git/SEMIColon/data/output/LeeSixdata/bam/PD34199a_c7-sorted.stats
/uufs/chpc.utah.edu/common/HIPAA/u1264408/u1264408/Git/SEMIColon/data/output/LeeSixdata/bam/PD34202a_s9-sorted.stats
/uufs/chpc.utah.edu/common/HIPAA/u1264408/u1264408/Git/SEMIColon/data/output/LeeSixdata/bam/PD34199a_t31-sorted.stats
/uufs/chpc.utah.edu/common/HIPAA/u1264408/u1264408/Git/SEMIColon/data/output/LeeSixdata/bam/PD34199a_t28-sorted.stats
/scratch/ucgd/lustre-labs/quinlan/data-shared/datasets/SEMIColon/EGAD00001004192/HLS/HLS_1C_30_B5_final.cram
/scratch/ucgd/lustre-labs/quinlan/data-shared/datasets/SEMIColon/EGAD00001004192/HLS/HLS_1C_30_D5_final.cram
/scratch/ucgd/lustre-labs/quinlan/data-shared/datasets/SEMIColon/EGAD00001004192/HLS/HLS_1C_30_G5_final.cram
/scratch/ucgd/lustre-labs/quinlan/data-shared/datasets/SEMIColon/EGAD00001004192/HLS/HLS_1C_30_H5_final.cram
/scratch/ucgd/lustre-labs/quinlan/data-shared/datasets/SEMIColon/EGAD00001004192/HLS/HLS_2C_30_D6_final.cram
/scratch/ucgd/lustre-labs/quinlan/data-shared/datasets/SEMIColon/EGAD00001004192/HLS/HLS_2C_30_E6_final.cram
/scratch/ucgd/lustre-labs/quinlan/data-shared/datasets/SEMIColon/EGAD00001004192/PD28690/PD28690bx_2_a5_final.cram
/scratch/ucgd/lustre-labs/quinlan/data-shared/datasets/SEMIColon/EGAD00001004192/PD28690/PD28690bx_2_d5_final.cram
/scratch/ucgd/lustre-labs/quinlan/data-shared/datasets/SEMIColon/EGAD00001004192/PD28690/PD28690cb_2_g3_final.cram
/scratch/ucgd/lustre-labs/quinlan/data-shared/datasets/SEMIColon/EGAD00001004192/PD28690/PD28690cb_2_h3_final.cram
/scratch/ucgd/lustre-labs/quinlan/data-shared/datasets/SEMIColon/EGAD00001004192/PD34199/PD34199a_c17_final.cram
/scratch/ucgd/lustre-labs/quinlan/data-shared/datasets/SEMIColon/EGAD00001004192/PD34199/PD34199a_c22_final.cram
/scratch/ucgd/lustre-labs/quinlan/data-shared/datasets/SEMIColon/EGAD00001004192/PD34199/PD34199a_c27_final.cram
/scratch/ucgd/lustre-labs/quinlan/data-shared/datasets/SEMIColon/EGAD00001004192/PD34199/PD34199a_c28_final.cram
/scratch/ucgd/lustre-labs/quinlan/data-shared/datasets/SEMIColon/EGAD00001004192/PD34199/PD34199a_c31_final.cram
/scratch/ucgd/lustre-labs/quinlan/data-shared/datasets/SEMIColon/EGAD00001004192/PD34199/PD34199a_c3_final.cram
/scratch/ucgd/lustre-labs/quinlan/data-shared/datasets/SEMIColon/EGAD00001004192/PD34199/PD34199a_c5_final.cram
/scratch/ucgd/lustre-labs/quinlan/data-shared/datasets/SEMIColon/EGAD00001004192/PD34199/PD34199a_c7_final.cram
/scratch/ucgd/lustre-labs/quinlan/data-shared/datasets/SEMIColon/EGAD00001004192/PD34202/PD34202a_s9_final.cram
/scratch/ucgd/lustre-labs/quinlan/data-shared/datasets/SEMIColon/EGAD00001004192/PD34199/PD34199a_t31_final.cram
/scratch/ucgd/lustre-labs/quinlan/data-shared/datasets/SEMIColon/EGAD00001004192/PD34199/PD34199a_t28_final.cram
/uufs/chpc.utah.edu/common/HIPAA/u1264408/u1264408/Git/SEMIColon/data/output/LeeSixdata/bam/HLS_1C_30_B5-sorted.bam
/uufs/chpc.utah.edu/common/HIPAA/u1264408/u1264408/Git/SEMIColon/data/output/LeeSixdata/bam/HLS_1C_30_B5-sortednoRG.bam
/uufs/chpc.utah.edu/common/HIPAA/u1264408/u1264408/Git/SEMIColon/data/output/LeeSixdata/bam/HLS_1C_30_D5-sorted.bam
/uufs/chpc.utah.edu/common/HIPAA/u1264408/u1264408/Git/SEMIColon/data/output/LeeSixdata/bam/HLS_1C_30_D5-sortednoRG.bam
/uufs/chpc.utah.edu/common/HIPAA/u1264408/u1264408/Git/SEMIColon/data/output/LeeSixdata/bam/HLS_1C_30_G5-sorted.bam
/uufs/chpc.utah.edu/common/HIPAA/u1264408/u1264408/Git/SEMIColon/data/output/LeeSixdata/bam/HLS_1C_30_G5-sortednoRG.bam
/uufs/chpc.utah.edu/common/HIPAA/u1264408/u1264408/Git/SEMIColon/data/output/LeeSixdata/bam/HLS_1C_30_H5-sorted.bam
/uufs/chpc.utah.edu/common/HIPAA/u1264408/u1264408/Git/SEMIColon/data/output/LeeSixdata/bam/HLS_1C_30_H5-sortednoRG.bam
/uufs/chpc.utah.edu/common/HIPAA/u1264408/u1264408/Git/SEMIColon/data/output/LeeSixdata/bam/HLS_2C_30_D6-sorted.bam
/uufs/chpc.utah.edu/common/HIPAA/u1264408/u1264408/Git/SEMIColon/data/output/LeeSixdata/bam/HLS_2C_30_D6-sortednoRG.bam
/uufs/chpc.utah.edu/common/HIPAA/u1264408/u1264408/Git/SEMIColon/data/output/LeeSixdata/bam/HLS_2C_30_E6-sorted.bam
/uufs/chpc.utah.edu/common/HIPAA/u1264408/u1264408/Git/SEMIColon/data/output/LeeSixdata/bam/HLS_2C_30_E6-sortednoRG.bam
/uufs/chpc.utah.edu/common/HIPAA/u1264408/u1264408/Git/SEMIColon/data/output/LeeSixdata/bam/PD28690bx_2_a5-sorted.bam
/uufs/chpc.utah.edu/common/HIPAA/u1264408/u1264408/Git/SEMIColon/data/output/LeeSixdata/bam/PD28690bx_2_a5-sortednoRG.bam
/uufs/chpc.utah.edu/common/HIPAA/u1264408/u1264408/Git/SEMIColon/data/output/LeeSixdata/bam/PD28690bx_2_d5-sorted.bam
/uufs/chpc.utah.edu/common/HIPAA/u1264408/u1264408/Git/SEMIColon/data/output/LeeSixdata/bam/PD28690bx_2_d5-sortednoRG.bam
/uufs/chpc.utah.edu/common/HIPAA/u1264408/u1264408/Git/SEMIColon/data/output/LeeSixdata/bam/PD28690cb_2_g3-sorted.bam
/uufs/chpc.utah.edu/common/HIPAA/u1264408/u1264408/Git/SEMIColon/data/output/LeeSixdata/bam/PD28690cb_2_g3-sortednoRG.bam
/uufs/chpc.utah.edu/common/HIPAA/u1264408/u1264408/Git/SEMIColon/data/output/LeeSixdata/bam/PD28690cb_2_h3-sorted.bam
/uufs/chpc.utah.edu/common/HIPAA/u1264408/u1264408/Git/SEMIColon/data/output/LeeSixdata/bam/PD28690cb_2_h3-sortednoRG.bam
/uufs/chpc.utah.edu/common/HIPAA/u1264408/u1264408/Git/SEMIColon/data/output/LeeSixdata/bam/PD34199a_c17-sorted.bam
/uufs/chpc.utah.edu/common/HIPAA/u1264408/u1264408/Git/SEMIColon/data/output/LeeSixdata/bam/PD34199a_c17-sortednoRG.bam
/uufs/chpc.utah.edu/common/HIPAA/u1264408/u1264408/Git/SEMIColon/data/output/LeeSixdata/bam/PD34199a_c22-sorted.bam
/uufs/chpc.utah.edu/common/HIPAA/u1264408/u1264408/Git/SEMIColon/data/output/LeeSixdata/bam/PD34199a_c22-sortednoRG.bam
/uufs/chpc.utah.edu/common/HIPAA/u1264408/u1264408/Git/SEMIColon/data/output/LeeSixdata/bam/PD34199a_c27-sorted.bam
/uufs/chpc.utah.edu/common/HIPAA/u1264408/u1264408/Git/SEMIColon/data/output/LeeSixdata/bam/PD34199a_c27-sortednoRG.bam
/uufs/chpc.utah.edu/common/HIPAA/u1264408/u1264408/Git/SEMIColon/data/output/LeeSixdata/bam/PD34199a_c28-sorted.bam
/uufs/chpc.utah.edu/common/HIPAA/u1264408/u1264408/Git/SEMIColon/data/output/LeeSixdata/bam/PD34199a_c28-sortednoRG.bam
/uufs/chpc.utah.edu/common/HIPAA/u1264408/u1264408/Git/SEMIColon/data/output/LeeSixdata/bam/PD34199a_c31-sorted.bam
/uufs/chpc.utah.edu/common/HIPAA/u1264408/u1264408/Git/SEMIColon/data/output/LeeSixdata/bam/PD34199a_c31-sortednoRG.bam
/uufs/chpc.utah.edu/common/HIPAA/u1264408/u1264408/Git/SEMIColon/data/output/LeeSixdata/bam/PD34199a_c3-sorted.bam
/uufs/chpc.utah.edu/common/HIPAA/u1264408/u1264408/Git/SEMIColon/data/output/LeeSixdata/bam/PD34199a_c3-sortednoRG.bam
/uufs/chpc.utah.edu/common/HIPAA/u1264408/u1264408/Git/SEMIColon/data/output/LeeSixdata/bam/PD34199a_c5-sorted.bam
/uufs/chpc.utah.edu/common/HIPAA/u1264408/u1264408/Git/SEMIColon/data/output/LeeSixdata/bam/PD34199a_c5-sortednoRG.bam
/uufs/chpc.utah.edu/common/HIPAA/u1264408/u1264408/Git/SEMIColon/data/output/LeeSixdata/bam/PD34199a_c7-sorted.bam
/uufs/chpc.utah.edu/common/HIPAA/u1264408/u1264408/Git/SEMIColon/data/output/LeeSixdata/bam/PD34199a_c7-sortednoRG.bam
/uufs/chpc.utah.edu/common/HIPAA/u1264408/u1264408/Git/SEMIColon/data/output/LeeSixdata/bam/PD34202a_s9-sorted.bam
/uufs/chpc.utah.edu/common/HIPAA/u1264408/u1264408/Git/SEMIColon/data/output/LeeSixdata/bam/PD34202a_s9-sortednoRG.bam
/uufs/chpc.utah.edu/common/HIPAA/u1264408/u1264408/Git/SEMIColon/data/output/LeeSixdata/bam/PD34199a_t31-sorted.bam
/uufs/chpc.utah.edu/common/HIPAA/u1264408/u1264408/Git/SEMIColon/data/output/LeeSixdata/bam/PD34199a_t31-sortednoRG.bam
/uufs/chpc.utah.edu/common/HIPAA/u1264408/u1264408/Git/SEMIColon/data/output/LeeSixdata/bam/PD34199a_t28-sorted.bam
/uufs/chpc.utah.edu/common/HIPAA/u1264408/u1264408/Git/SEMIColon/data/output/LeeSixdata/bam/PD34199a_t28-sortednoRG.bam
/uufs/chpc.utah.edu/common/HIPAA/u1264408/u1264408/Git/SEMIColon/data/output/LeeSixdata/bam/HLS_1C_30_B5-sorted.bam
/uufs/chpc.utah.edu/common/HIPAA/u1264408/u1264408/Git/SEMIColon/data/output/LeeSixdata/bam/HLS_1C_30_D5-sorted.bam
/uufs/chpc.utah.edu/common/HIPAA/u1264408/u1264408/Git/SEMIColon/data/output/LeeSixdata/bam/HLS_1C_30_G5-sorted.bam
/uufs/chpc.utah.edu/common/HIPAA/u1264408/u1264408/Git/SEMIColon/data/output/LeeSixdata/bam/HLS_1C_30_H5-sorted.bam
/uufs/chpc.utah.edu/common/HIPAA/u1264408/u1264408/Git/SEMIColon/data/output/LeeSixdata/bam/HLS_2C_30_D6-sorted.bam
/uufs/chpc.utah.edu/common/HIPAA/u1264408/u1264408/Git/SEMIColon/data/output/LeeSixdata/bam/HLS_2C_30_E6-sorted.bam
/uufs/chpc.utah.edu/common/HIPAA/u1264408/u1264408/Git/SEMIColon/data/output/LeeSixdata/bam/PD28690bx_2_a5-sorted.bam
/uufs/chpc.utah.edu/common/HIPAA/u1264408/u1264408/Git/SEMIColon/data/output/LeeSixdata/bam/PD28690bx_2_d5-sorted.bam
/uufs/chpc.utah.edu/common/HIPAA/u1264408/u1264408/Git/SEMIColon/data/output/LeeSixdata/bam/PD28690cb_2_g3-sorted.bam
/uufs/chpc.utah.edu/common/HIPAA/u1264408/u1264408/Git/SEMIColon/data/output/LeeSixdata/bam/PD28690cb_2_h3-sorted.bam
/uufs/chpc.utah.edu/common/HIPAA/u1264408/u1264408/Git/SEMIColon/data/output/LeeSixdata/bam/PD34199a_c17-sorted.bam
/uufs/chpc.utah.edu/common/HIPAA/u1264408/u1264408/Git/SEMIColon/data/output/LeeSixdata/bam/PD34199a_c22-sorted.bam
/uufs/chpc.utah.edu/common/HIPAA/u1264408/u1264408/Git/SEMIColon/data/output/LeeSixdata/bam/PD34199a_c27-sorted.bam
/uufs/chpc.utah.edu/common/HIPAA/u1264408/u1264408/Git/SEMIColon/data/output/LeeSixdata/bam/PD34199a_c28-sorted.bam
/uufs/chpc.utah.edu/common/HIPAA/u1264408/u1264408/Git/SEMIColon/data/output/LeeSixdata/bam/PD34199a_c31-sorted.bam
/uufs/chpc.utah.edu/common/HIPAA/u1264408/u1264408/Git/SEMIColon/data/output/LeeSixdata/bam/PD34199a_c3-sorted.bam
/uufs/chpc.utah.edu/common/HIPAA/u1264408/u1264408/Git/SEMIColon/data/output/LeeSixdata/bam/PD34199a_c5-sorted.bam
/uufs/chpc.utah.edu/common/HIPAA/u1264408/u1264408/Git/SEMIColon/data/output/LeeSixdata/bam/PD34199a_c7-sorted.bam
/uufs/chpc.utah.edu/common/HIPAA/u1264408/u1264408/Git/SEMIColon/data/output/LeeSixdata/bam/PD34202a_s9-sorted.bam
/uufs/chpc.utah.edu/common/HIPAA/u1264408/u1264408/Git/SEMIColon/data/output/LeeSixdata/bam/PD34199a_t31-sorted.bam
/uufs/chpc.utah.edu/common/HIPAA/u1264408/u1264408/Git/SEMIColon/data/output/LeeSixdata/bam/PD34199a_t28-sorted.bam
